// !$*UTF8*$!
{
	archiveVersion = 1;
	classes = {
	};
	objectVersion = 46;
	objects = {

/* Begin PBXBuildFile section */
		1023D31E1BA3FF94004530BD /* DVSBatchRequest.m in Sources */ = {isa = PBXBuildFile; fileRef = 1023D3111BA3FF94004530BD /* DVSBatchRequest.m */; };
		1023D31F1BA3FF94004530BD /* DVSBatchRequestAgent.m in Sources */ = {isa = PBXBuildFile; fileRef = 1023D3131BA3FF94004530BD /* DVSBatchRequestAgent.m */; };
		1023D3201BA3FF94004530BD /* DVSNetAgent.m in Sources */ = {isa = PBXBuildFile; fileRef = 1023D3151BA3FF94004530BD /* DVSNetAgent.m */; };
		1023D3211BA3FF94004530BD /* DVSNetBaseRequest.m in Sources */ = {isa = PBXBuildFile; fileRef = 1023D3171BA3FF94004530BD /* DVSNetBaseRequest.m */; };
		1023D3221BA3FF94004530BD /* DVSNetConfig.m in Sources */ = {isa = PBXBuildFile; fileRef = 1023D3191BA3FF94004530BD /* DVSNetConfig.m */; };
		1023D3231BA3FF94004530BD /* DVSDataBaseModel.m in Sources */ = {isa = PBXBuildFile; fileRef = 1023D31D1BA3FF94004530BD /* DVSDataBaseModel.m */; };
		1023D3261BA3FFB7004530BD /* DVSDataManager.m in Sources */ = {isa = PBXBuildFile; fileRef = 1023D3251BA3FFB7004530BD /* DVSDataManager.m */; };
		1023D3291BA40195004530BD /* DVSStoreManager.m in Sources */ = {isa = PBXBuildFile; fileRef = 1023D3281BA40195004530BD /* DVSStoreManager.m */; };
		1023D32C1BA40407004530BD /* DVSDataBaseModel+Query.m in Sources */ = {isa = PBXBuildFile; fileRef = 1023D32B1BA40407004530BD /* DVSDataBaseModel+Query.m */; };
		109185A11B994871008ACB14 /* DVSBeefCampsTests.m in Sources */ = {isa = PBXBuildFile; fileRef = 109185A01B994871008ACB14 /* DVSBeefCampsTests.m */; };
		109185B91B994C0B008ACB14 /* AppDelegate.m in Sources */ = {isa = PBXBuildFile; fileRef = 109185AF1B994C0B008ACB14 /* AppDelegate.m */; };
		109185BA1B994C0B008ACB14 /* LaunchScreen.xib in Resources */ = {isa = PBXBuildFile; fileRef = 109185B01B994C0B008ACB14 /* LaunchScreen.xib */; };
		109185BB1B994C0B008ACB14 /* Main.storyboard in Resources */ = {isa = PBXBuildFile; fileRef = 109185B21B994C0B008ACB14 /* Main.storyboard */; };
		109185BC1B994C0B008ACB14 /* Images.xcassets in Resources */ = {isa = PBXBuildFile; fileRef = 109185B41B994C0B008ACB14 /* Images.xcassets */; };
		109185BD1B994C0B008ACB14 /* Info.plist in Resources */ = {isa = PBXBuildFile; fileRef = 109185B51B994C0B008ACB14 /* Info.plist */; };
		109185BE1B994C0B008ACB14 /* main.m in Sources */ = {isa = PBXBuildFile; fileRef = 109185B61B994C0B008ACB14 /* main.m */; };
		109185BF1B994C0B008ACB14 /* ViewController.m in Sources */ = {isa = PBXBuildFile; fileRef = 109185B81B994C0B008ACB14 /* ViewController.m */; };
		1091EE0E1B9AEC55004F482A /* BeautyReformerData.m in Sources */ = {isa = PBXBuildFile; fileRef = 1091EE0C1B9AEC55004F482A /* BeautyReformerData.m */; };
		1091EE131B9B2AFE004F482A /* BaseReformer.m in Sources */ = {isa = PBXBuildFile; fileRef = 1091EE121B9B2AFE004F482A /* BaseReformer.m */; };
		1DE1C76F9F4D6AE20869CDA5 /* libPods.a in Frameworks */ = {isa = PBXBuildFile; fileRef = 64F37BC40B21A6B641EB7BA3 /* libPods.a */; };
/* End PBXBuildFile section */

/* Begin PBXContainerItemProxy section */
		1091859B1B994871008ACB14 /* PBXContainerItemProxy */ = {
			isa = PBXContainerItemProxy;
			containerPortal = 109185791B994871008ACB14 /* Project object */;
			proxyType = 1;
			remoteGlobalIDString = 109185801B994871008ACB14;
			remoteInfo = DVSBeefCamps;
		};
/* End PBXContainerItemProxy section */

/* Begin PBXFileReference section */
		0625395031FAE2B61C48A9F5 /* Pods.debug.xcconfig */ = {isa = PBXFileReference; includeInIndex = 1; lastKnownFileType = text.xcconfig; name = Pods.debug.xcconfig; path = "Pods/Target Support Files/Pods/Pods.debug.xcconfig"; sourceTree = "<group>"; };
		1023D3101BA3FF94004530BD /* DVSBatchRequest.h */ = {isa = PBXFileReference; fileEncoding = 4; lastKnownFileType = sourcecode.c.h; path = DVSBatchRequest.h; sourceTree = "<group>"; };
		1023D3111BA3FF94004530BD /* DVSBatchRequest.m */ = {isa = PBXFileReference; fileEncoding = 4; lastKnownFileType = sourcecode.c.objc; path = DVSBatchRequest.m; sourceTree = "<group>"; };
		1023D3121BA3FF94004530BD /* DVSBatchRequestAgent.h */ = {isa = PBXFileReference; fileEncoding = 4; lastKnownFileType = sourcecode.c.h; path = DVSBatchRequestAgent.h; sourceTree = "<group>"; };
		1023D3131BA3FF94004530BD /* DVSBatchRequestAgent.m */ = {isa = PBXFileReference; fileEncoding = 4; lastKnownFileType = sourcecode.c.objc; path = DVSBatchRequestAgent.m; sourceTree = "<group>"; };
		1023D3141BA3FF94004530BD /* DVSNetAgent.h */ = {isa = PBXFileReference; fileEncoding = 4; lastKnownFileType = sourcecode.c.h; path = DVSNetAgent.h; sourceTree = "<group>"; };
		1023D3151BA3FF94004530BD /* DVSNetAgent.m */ = {isa = PBXFileReference; fileEncoding = 4; lastKnownFileType = sourcecode.c.objc; path = DVSNetAgent.m; sourceTree = "<group>"; };
		1023D3161BA3FF94004530BD /* DVSNetBaseRequest.h */ = {isa = PBXFileReference; fileEncoding = 4; lastKnownFileType = sourcecode.c.h; path = DVSNetBaseRequest.h; sourceTree = "<group>"; };
		1023D3171BA3FF94004530BD /* DVSNetBaseRequest.m */ = {isa = PBXFileReference; fileEncoding = 4; lastKnownFileType = sourcecode.c.objc; path = DVSNetBaseRequest.m; sourceTree = "<group>"; };
		1023D3181BA3FF94004530BD /* DVSNetConfig.h */ = {isa = PBXFileReference; fileEncoding = 4; lastKnownFileType = sourcecode.c.h; path = DVSNetConfig.h; sourceTree = "<group>"; };
		1023D3191BA3FF94004530BD /* DVSNetConfig.m */ = {isa = PBXFileReference; fileEncoding = 4; lastKnownFileType = sourcecode.c.objc; path = DVSNetConfig.m; sourceTree = "<group>"; };
		1023D31A1BA3FF94004530BD /* DVSNetworking.h */ = {isa = PBXFileReference; fileEncoding = 4; lastKnownFileType = sourcecode.c.h; path = DVSNetworking.h; sourceTree = "<group>"; };
		1023D31C1BA3FF94004530BD /* DVSDataBaseModel.h */ = {isa = PBXFileReference; fileEncoding = 4; lastKnownFileType = sourcecode.c.h; path = DVSDataBaseModel.h; sourceTree = "<group>"; };
		1023D31D1BA3FF94004530BD /* DVSDataBaseModel.m */ = {isa = PBXFileReference; fileEncoding = 4; lastKnownFileType = sourcecode.c.objc; path = DVSDataBaseModel.m; sourceTree = "<group>"; };
		1023D3241BA3FFB7004530BD /* DVSDataManager.h */ = {isa = PBXFileReference; fileEncoding = 4; lastKnownFileType = sourcecode.c.h; path = DVSDataManager.h; sourceTree = "<group>"; };
		1023D3251BA3FFB7004530BD /* DVSDataManager.m */ = {isa = PBXFileReference; fileEncoding = 4; lastKnownFileType = sourcecode.c.objc; path = DVSDataManager.m; sourceTree = "<group>"; };
		1023D3271BA40195004530BD /* DVSStoreManager.h */ = {isa = PBXFileReference; fileEncoding = 4; lastKnownFileType = sourcecode.c.h; path = DVSStoreManager.h; sourceTree = "<group>"; };
		1023D3281BA40195004530BD /* DVSStoreManager.m */ = {isa = PBXFileReference; fileEncoding = 4; lastKnownFileType = sourcecode.c.objc; path = DVSStoreManager.m; sourceTree = "<group>"; };
		1023D32A1BA40407004530BD /* DVSDataBaseModel+Query.h */ = {isa = PBXFileReference; fileEncoding = 4; lastKnownFileType = sourcecode.c.h; path = "DVSDataBaseModel+Query.h"; sourceTree = "<group>"; };
		1023D32B1BA40407004530BD /* DVSDataBaseModel+Query.m */ = {isa = PBXFileReference; fileEncoding = 4; lastKnownFileType = sourcecode.c.objc; path = "DVSDataBaseModel+Query.m"; sourceTree = "<group>"; };
		109185811B994871008ACB14 /* DVSBeefCamps.app */ = {isa = PBXFileReference; explicitFileType = wrapper.application; includeInIndex = 0; path = DVSBeefCamps.app; sourceTree = BUILT_PRODUCTS_DIR; };
		1091859A1B994871008ACB14 /* DVSBeefCampsTests.xctest */ = {isa = PBXFileReference; explicitFileType = wrapper.cfbundle; includeInIndex = 0; path = DVSBeefCampsTests.xctest; sourceTree = BUILT_PRODUCTS_DIR; };
		1091859F1B994871008ACB14 /* Info.plist */ = {isa = PBXFileReference; lastKnownFileType = text.plist.xml; path = Info.plist; sourceTree = "<group>"; };
		109185A01B994871008ACB14 /* DVSBeefCampsTests.m */ = {isa = PBXFileReference; lastKnownFileType = sourcecode.c.objc; path = DVSBeefCampsTests.m; sourceTree = "<group>"; };
		109185AE1B994C0B008ACB14 /* AppDelegate.h */ = {isa = PBXFileReference; fileEncoding = 4; lastKnownFileType = sourcecode.c.h; path = AppDelegate.h; sourceTree = "<group>"; };
		109185AF1B994C0B008ACB14 /* AppDelegate.m */ = {isa = PBXFileReference; fileEncoding = 4; lastKnownFileType = sourcecode.c.objc; path = AppDelegate.m; sourceTree = "<group>"; };
		109185B11B994C0B008ACB14 /* Base */ = {isa = PBXFileReference; lastKnownFileType = file.xib; name = Base; path = Base.lproj/LaunchScreen.xib; sourceTree = "<group>"; };
		109185B31B994C0B008ACB14 /* Base */ = {isa = PBXFileReference; lastKnownFileType = file.storyboard; name = Base; path = Base.lproj/Main.storyboard; sourceTree = "<group>"; };
		109185B41B994C0B008ACB14 /* Images.xcassets */ = {isa = PBXFileReference; lastKnownFileType = folder.assetcatalog; path = Images.xcassets; sourceTree = "<group>"; };
		109185B51B994C0B008ACB14 /* Info.plist */ = {isa = PBXFileReference; fileEncoding = 4; lastKnownFileType = text.plist.xml; path = Info.plist; sourceTree = "<group>"; };
		109185B61B994C0B008ACB14 /* main.m */ = {isa = PBXFileReference; fileEncoding = 4; lastKnownFileType = sourcecode.c.objc; path = main.m; sourceTree = "<group>"; };
		109185B71B994C0B008ACB14 /* ViewController.h */ = {isa = PBXFileReference; fileEncoding = 4; lastKnownFileType = sourcecode.c.h; path = ViewController.h; sourceTree = "<group>"; };
		109185B81B994C0B008ACB14 /* ViewController.m */ = {isa = PBXFileReference; fileEncoding = 4; lastKnownFileType = sourcecode.c.objc; path = ViewController.m; sourceTree = "<group>"; };
		1091EE0B1B9AEC55004F482A /* BeautyReformerData.h */ = {isa = PBXFileReference; fileEncoding = 4; lastKnownFileType = sourcecode.c.h; path = BeautyReformerData.h; sourceTree = "<group>"; };
		1091EE0C1B9AEC55004F482A /* BeautyReformerData.m */ = {isa = PBXFileReference; fileEncoding = 4; lastKnownFileType = sourcecode.c.objc; path = BeautyReformerData.m; sourceTree = "<group>"; };
		1091EE101B9AFC2B004F482A /* DVSReformDataProtocol.h */ = {isa = PBXFileReference; fileEncoding = 4; lastKnownFileType = sourcecode.c.h; path = DVSReformDataProtocol.h; sourceTree = "<group>"; };
		1091EE111B9B2AFE004F482A /* BaseReformer.h */ = {isa = PBXFileReference; fileEncoding = 4; lastKnownFileType = sourcecode.c.h; path = BaseReformer.h; sourceTree = "<group>"; };
		1091EE121B9B2AFE004F482A /* BaseReformer.m */ = {isa = PBXFileReference; fileEncoding = 4; lastKnownFileType = sourcecode.c.objc; path = BaseReformer.m; sourceTree = "<group>"; };
		5F1957A90847173A7534DF5A /* Pods.release.xcconfig */ = {isa = PBXFileReference; includeInIndex = 1; lastKnownFileType = text.xcconfig; name = Pods.release.xcconfig; path = "Pods/Target Support Files/Pods/Pods.release.xcconfig"; sourceTree = "<group>"; };
		64F37BC40B21A6B641EB7BA3 /* libPods.a */ = {isa = PBXFileReference; explicitFileType = archive.ar; includeInIndex = 0; path = libPods.a; sourceTree = BUILT_PRODUCTS_DIR; };
/* End PBXFileReference section */

/* Begin PBXFrameworksBuildPhase section */
		1091857E1B994871008ACB14 /* Frameworks */ = {
			isa = PBXFrameworksBuildPhase;
			buildActionMask = 2147483647;
			files = (
				1DE1C76F9F4D6AE20869CDA5 /* libPods.a in Frameworks */,
			);
			runOnlyForDeploymentPostprocessing = 0;
		};
		109185971B994871008ACB14 /* Frameworks */ = {
			isa = PBXFrameworksBuildPhase;
			buildActionMask = 2147483647;
			files = (
			);
			runOnlyForDeploymentPostprocessing = 0;
		};
/* End PBXFrameworksBuildPhase section */

/* Begin PBXGroup section */
		1023D30E1BA3FF94004530BD /* DataManager */ = {
			isa = PBXGroup;
			children = (
				1023D3241BA3FFB7004530BD /* DVSDataManager.h */,
				1023D3251BA3FFB7004530BD /* DVSDataManager.m */,
				1023D30F1BA3FF94004530BD /* Networking */,
				1023D31B1BA3FF94004530BD /* StoreManager */,
			);
			path = DataManager;
			sourceTree = "<group>";
		};
		1023D30F1BA3FF94004530BD /* Networking */ = {
			isa = PBXGroup;
			children = (
				1023D31A1BA3FF94004530BD /* DVSNetworking.h */,
				1023D3161BA3FF94004530BD /* DVSNetBaseRequest.h */,
				1023D3171BA3FF94004530BD /* DVSNetBaseRequest.m */,
				1023D3141BA3FF94004530BD /* DVSNetAgent.h */,
				1023D3151BA3FF94004530BD /* DVSNetAgent.m */,
				1023D3181BA3FF94004530BD /* DVSNetConfig.h */,
				1023D3191BA3FF94004530BD /* DVSNetConfig.m */,
				1023D3101BA3FF94004530BD /* DVSBatchRequest.h */,
				1023D3111BA3FF94004530BD /* DVSBatchRequest.m */,
				1023D3121BA3FF94004530BD /* DVSBatchRequestAgent.h */,
				1023D3131BA3FF94004530BD /* DVSBatchRequestAgent.m */,
			);
			path = Networking;
			sourceTree = "<group>";
		};
		1023D31B1BA3FF94004530BD /* StoreManager */ = {
			isa = PBXGroup;
			children = (
				1023D3271BA40195004530BD /* DVSStoreManager.h */,
				1023D3281BA40195004530BD /* DVSStoreManager.m */,
				1023D31C1BA3FF94004530BD /* DVSDataBaseModel.h */,
				1023D31D1BA3FF94004530BD /* DVSDataBaseModel.m */,
				1023D32A1BA40407004530BD /* DVSDataBaseModel+Query.h */,
				1023D32B1BA40407004530BD /* DVSDataBaseModel+Query.m */,
			);
			path = StoreManager;
			sourceTree = "<group>";
		};
		109185781B994871008ACB14 = {
			isa = PBXGroup;
			children = (
				109185AD1B994C0B008ACB14 /* DVSBeefCamps */,
				1091859D1B994871008ACB14 /* DVSBeefCampsTests */,
				109185821B994871008ACB14 /* Products */,
				D5A59AA1B14C3A9491095800 /* Pods */,
				D26A867D448991F67BDD44AB /* Frameworks */,
			);
			sourceTree = "<group>";
		};
		109185821B994871008ACB14 /* Products */ = {
			isa = PBXGroup;
			children = (
				109185811B994871008ACB14 /* DVSBeefCamps.app */,
				1091859A1B994871008ACB14 /* DVSBeefCampsTests.xctest */,
			);
			name = Products;
			sourceTree = "<group>";
		};
		1091859D1B994871008ACB14 /* DVSBeefCampsTests */ = {
			isa = PBXGroup;
			children = (
				109185A01B994871008ACB14 /* DVSBeefCampsTests.m */,
				1091859E1B994871008ACB14 /* Supporting Files */,
			);
			path = DVSBeefCampsTests;
			sourceTree = "<group>";
		};
		1091859E1B994871008ACB14 /* Supporting Files */ = {
			isa = PBXGroup;
			children = (
				1091859F1B994871008ACB14 /* Info.plist */,
			);
			name = "Supporting Files";
			sourceTree = "<group>";
		};
		109185AD1B994C0B008ACB14 /* DVSBeefCamps */ = {
			isa = PBXGroup;
			children = (
				1023D30E1BA3FF94004530BD /* DataManager */,
				1091EE0A1B9AEC0A004F482A /* ReformerData */,
				109185AE1B994C0B008ACB14 /* AppDelegate.h */,
				109185AF1B994C0B008ACB14 /* AppDelegate.m */,
				109185B01B994C0B008ACB14 /* LaunchScreen.xib */,
				109185B21B994C0B008ACB14 /* Main.storyboard */,
				109185B41B994C0B008ACB14 /* Images.xcassets */,
				109185B51B994C0B008ACB14 /* Info.plist */,
				109185B61B994C0B008ACB14 /* main.m */,
				109185B71B994C0B008ACB14 /* ViewController.h */,
				109185B81B994C0B008ACB14 /* ViewController.m */,
			);
			path = DVSBeefCamps;
			sourceTree = "<group>";
		};
		1091EE0A1B9AEC0A004F482A /* ReformerData */ = {
			isa = PBXGroup;
			children = (
				1091EE101B9AFC2B004F482A /* DVSReformDataProtocol.h */,
				1091EE111B9B2AFE004F482A /* BaseReformer.h */,
				1091EE121B9B2AFE004F482A /* BaseReformer.m */,
				1091EE0B1B9AEC55004F482A /* BeautyReformerData.h */,
				1091EE0C1B9AEC55004F482A /* BeautyReformerData.m */,
			);
			path = ReformerData;
			sourceTree = "<group>";
		};
		D26A867D448991F67BDD44AB /* Frameworks */ = {
			isa = PBXGroup;
			children = (
				64F37BC40B21A6B641EB7BA3 /* libPods.a */,
			);
			name = Frameworks;
			sourceTree = "<group>";
		};
		D5A59AA1B14C3A9491095800 /* Pods */ = {
			isa = PBXGroup;
			children = (
				0625395031FAE2B61C48A9F5 /* Pods.debug.xcconfig */,
				5F1957A90847173A7534DF5A /* Pods.release.xcconfig */,
			);
			name = Pods;
			sourceTree = "<group>";
		};
/* End PBXGroup section */

/* Begin PBXNativeTarget section */
		109185801B994871008ACB14 /* DVSBeefCamps */ = {
			isa = PBXNativeTarget;
			buildConfigurationList = 109185A41B994871008ACB14 /* Build configuration list for PBXNativeTarget "DVSBeefCamps" */;
			buildPhases = (
				59C522726B1BDD08E02DB649 /* Check Pods Manifest.lock */,
				1091857D1B994871008ACB14 /* Sources */,
				1091857E1B994871008ACB14 /* Frameworks */,
				1091857F1B994871008ACB14 /* Resources */,
				09F0D260C5ACA0747D2054D7 /* Copy Pods Resources */,
			);
			buildRules = (
			);
			dependencies = (
			);
			name = DVSBeefCamps;
			productName = DVSBeefCamps;
			productReference = 109185811B994871008ACB14 /* DVSBeefCamps.app */;
			productType = "com.apple.product-type.application";
		};
		109185991B994871008ACB14 /* DVSBeefCampsTests */ = {
			isa = PBXNativeTarget;
			buildConfigurationList = 109185A71B994871008ACB14 /* Build configuration list for PBXNativeTarget "DVSBeefCampsTests" */;
			buildPhases = (
				109185961B994871008ACB14 /* Sources */,
				109185971B994871008ACB14 /* Frameworks */,
				109185981B994871008ACB14 /* Resources */,
			);
			buildRules = (
			);
			dependencies = (
				1091859C1B994871008ACB14 /* PBXTargetDependency */,
			);
			name = DVSBeefCampsTests;
			productName = DVSBeefCampsTests;
			productReference = 1091859A1B994871008ACB14 /* DVSBeefCampsTests.xctest */;
			productType = "com.apple.product-type.bundle.unit-test";
		};
/* End PBXNativeTarget section */

/* Begin PBXProject section */
		109185791B994871008ACB14 /* Project object */ = {
			isa = PBXProject;
			attributes = {
				LastUpgradeCheck = 0640;
				ORGANIZATIONNAME = com.devshen;
				TargetAttributes = {
					109185801B994871008ACB14 = {
						CreatedOnToolsVersion = 6.4;
					};
					109185991B994871008ACB14 = {
						CreatedOnToolsVersion = 6.4;
						TestTargetID = 109185801B994871008ACB14;
					};
				};
			};
			buildConfigurationList = 1091857C1B994871008ACB14 /* Build configuration list for PBXProject "DVSBeefCamps" */;
			compatibilityVersion = "Xcode 3.2";
			developmentRegion = English;
			hasScannedForEncodings = 0;
			knownRegions = (
				en,
				Base,
			);
			mainGroup = 109185781B994871008ACB14;
			productRefGroup = 109185821B994871008ACB14 /* Products */;
			projectDirPath = "";
			projectRoot = "";
			targets = (
				109185801B994871008ACB14 /* DVSBeefCamps */,
				109185991B994871008ACB14 /* DVSBeefCampsTests */,
			);
		};
/* End PBXProject section */

/* Begin PBXResourcesBuildPhase section */
		1091857F1B994871008ACB14 /* Resources */ = {
			isa = PBXResourcesBuildPhase;
			buildActionMask = 2147483647;
			files = (
				109185BD1B994C0B008ACB14 /* Info.plist in Resources */,
				109185BC1B994C0B008ACB14 /* Images.xcassets in Resources */,
				109185BA1B994C0B008ACB14 /* LaunchScreen.xib in Resources */,
				109185BB1B994C0B008ACB14 /* Main.storyboard in Resources */,
			);
			runOnlyForDeploymentPostprocessing = 0;
		};
		109185981B994871008ACB14 /* Resources */ = {
			isa = PBXResourcesBuildPhase;
			buildActionMask = 2147483647;
			files = (
			);
			runOnlyForDeploymentPostprocessing = 0;
		};
/* End PBXResourcesBuildPhase section */

/* Begin PBXShellScriptBuildPhase section */
		09F0D260C5ACA0747D2054D7 /* Copy Pods Resources */ = {
			isa = PBXShellScriptBuildPhase;
			buildActionMask = 2147483647;
			files = (
			);
			inputPaths = (
			);
			name = "Copy Pods Resources";
			outputPaths = (
			);
			runOnlyForDeploymentPostprocessing = 0;
			shellPath = /bin/sh;
			shellScript = "\"${SRCROOT}/Pods/Target Support Files/Pods/Pods-resources.sh\"\n";
			showEnvVarsInLog = 0;
		};
		59C522726B1BDD08E02DB649 /* Check Pods Manifest.lock */ = {
			isa = PBXShellScriptBuildPhase;
			buildActionMask = 2147483647;
			files = (
			);
			inputPaths = (
			);
			name = "Check Pods Manifest.lock";
			outputPaths = (
			);
			runOnlyForDeploymentPostprocessing = 0;
			shellPath = /bin/sh;
			shellScript = "diff \"${PODS_ROOT}/../Podfile.lock\" \"${PODS_ROOT}/Manifest.lock\" > /dev/null\nif [[ $? != 0 ]] ; then\n    cat << EOM\nerror: The sandbox is not in sync with the Podfile.lock. Run 'pod install' or update your CocoaPods installation.\nEOM\n    exit 1\nfi\n";
			showEnvVarsInLog = 0;
		};
/* End PBXShellScriptBuildPhase section */

/* Begin PBXSourcesBuildPhase section */
		1091857D1B994871008ACB14 /* Sources */ = {
			isa = PBXSourcesBuildPhase;
			buildActionMask = 2147483647;
			files = (
				109185BF1B994C0B008ACB14 /* ViewController.m in Sources */,
				1091EE0E1B9AEC55004F482A /* BeautyReformerData.m in Sources */,
				109185BE1B994C0B008ACB14 /* main.m in Sources */,
				1023D3291BA40195004530BD /* DVSStoreManager.m in Sources */,
				1023D3231BA3FF94004530BD /* DVSDataBaseModel.m in Sources */,
				1023D3201BA3FF94004530BD /* DVSNetAgent.m in Sources */,
				1091EE131B9B2AFE004F482A /* BaseReformer.m in Sources */,
				1023D32C1BA40407004530BD /* DVSDataBaseModel+Query.m in Sources */,
				1023D31E1BA3FF94004530BD /* DVSBatchRequest.m in Sources */,
				1023D3211BA3FF94004530BD /* DVSNetBaseRequest.m in Sources */,
				1023D3221BA3FF94004530BD /* DVSNetConfig.m in Sources */,
				1023D3261BA3FFB7004530BD /* DVSDataManager.m in Sources */,
				1023D31F1BA3FF94004530BD /* DVSBatchRequestAgent.m in Sources */,
				109185B91B994C0B008ACB14 /* AppDelegate.m in Sources */,
			);
			runOnlyForDeploymentPostprocessing = 0;
		};
		109185961B994871008ACB14 /* Sources */ = {
			isa = PBXSourcesBuildPhase;
			buildActionMask = 2147483647;
			files = (
				109185A11B994871008ACB14 /* DVSBeefCampsTests.m in Sources */,
			);
			runOnlyForDeploymentPostprocessing = 0;
		};
/* End PBXSourcesBuildPhase section */

/* Begin PBXTargetDependency section */
		1091859C1B994871008ACB14 /* PBXTargetDependency */ = {
			isa = PBXTargetDependency;
			target = 109185801B994871008ACB14 /* DVSBeefCamps */;
			targetProxy = 1091859B1B994871008ACB14 /* PBXContainerItemProxy */;
		};
/* End PBXTargetDependency section */

/* Begin PBXVariantGroup section */
		109185B01B994C0B008ACB14 /* LaunchScreen.xib */ = {
			isa = PBXVariantGroup;
			children = (
				109185B11B994C0B008ACB14 /* Base */,
			);
			name = LaunchScreen.xib;
			sourceTree = "<group>";
		};
		109185B21B994C0B008ACB14 /* Main.storyboard */ = {
			isa = PBXVariantGroup;
			children = (
				109185B31B994C0B008ACB14 /* Base */,
			);
			name = Main.storyboard;
			sourceTree = "<group>";
		};
/* End PBXVariantGroup section */

/* Begin XCBuildConfiguration section */
		109185A21B994871008ACB14 /* Debug */ = {
			isa = XCBuildConfiguration;
			buildSettings = {
				ALWAYS_SEARCH_USER_PATHS = NO;
				CLANG_CXX_LANGUAGE_STANDARD = "gnu++0x";
				CLANG_CXX_LIBRARY = "libc++";
				CLANG_ENABLE_MODULES = YES;
				CLANG_ENABLE_OBJC_ARC = YES;
				CLANG_WARN_BOOL_CONVERSION = YES;
				CLANG_WARN_CONSTANT_CONVERSION = YES;
				CLANG_WARN_DIRECT_OBJC_ISA_USAGE = YES_ERROR;
				CLANG_WARN_EMPTY_BODY = YES;
				CLANG_WARN_ENUM_CONVERSION = YES;
				CLANG_WARN_INT_CONVERSION = YES;
				CLANG_WARN_OBJC_ROOT_CLASS = YES_ERROR;
				CLANG_WARN_UNREACHABLE_CODE = YES;
				CLANG_WARN__DUPLICATE_METHOD_MATCH = YES;
				"CODE_SIGN_IDENTITY[sdk=iphoneos*]" = "iPhone Developer";
				COPY_PHASE_STRIP = NO;
				DEBUG_INFORMATION_FORMAT = "dwarf-with-dsym";
				ENABLE_STRICT_OBJC_MSGSEND = YES;
				GCC_C_LANGUAGE_STANDARD = gnu99;
				GCC_DYNAMIC_NO_PIC = NO;
				GCC_NO_COMMON_BLOCKS = YES;
				GCC_OPTIMIZATION_LEVEL = 0;
				GCC_PREPROCESSOR_DEFINITIONS = (
					"DEBUG=1",
					"$(inherited)",
				);
				GCC_SYMBOLS_PRIVATE_EXTERN = NO;
				GCC_WARN_64_TO_32_BIT_CONVERSION = YES;
				GCC_WARN_ABOUT_RETURN_TYPE = YES_ERROR;
				GCC_WARN_UNDECLARED_SELECTOR = YES;
				GCC_WARN_UNINITIALIZED_AUTOS = YES_AGGRESSIVE;
				GCC_WARN_UNUSED_FUNCTION = YES;
				GCC_WARN_UNUSED_VARIABLE = YES;
				IPHONEOS_DEPLOYMENT_TARGET = 8.4;
				MTL_ENABLE_DEBUG_INFO = YES;
				ONLY_ACTIVE_ARCH = YES;
				SDKROOT = iphoneos;
				TARGETED_DEVICE_FAMILY = "1,2";
			};
			name = Debug;
		};
		109185A31B994871008ACB14 /* Release */ = {
			isa = XCBuildConfiguration;
			buildSettings = {
				ALWAYS_SEARCH_USER_PATHS = NO;
				CLANG_CXX_LANGUAGE_STANDARD = "gnu++0x";
				CLANG_CXX_LIBRARY = "libc++";
				CLANG_ENABLE_MODULES = YES;
				CLANG_ENABLE_OBJC_ARC = YES;
				CLANG_WARN_BOOL_CONVERSION = YES;
				CLANG_WARN_CONSTANT_CONVERSION = YES;
				CLANG_WARN_DIRECT_OBJC_ISA_USAGE = YES_ERROR;
				CLANG_WARN_EMPTY_BODY = YES;
				CLANG_WARN_ENUM_CONVERSION = YES;
				CLANG_WARN_INT_CONVERSION = YES;
				CLANG_WARN_OBJC_ROOT_CLASS = YES_ERROR;
				CLANG_WARN_UNREACHABLE_CODE = YES;
				CLANG_WARN__DUPLICATE_METHOD_MATCH = YES;
				"CODE_SIGN_IDENTITY[sdk=iphoneos*]" = "iPhone Developer";
				COPY_PHASE_STRIP = NO;
				DEBUG_INFORMATION_FORMAT = "dwarf-with-dsym";
				ENABLE_NS_ASSERTIONS = NO;
				ENABLE_STRICT_OBJC_MSGSEND = YES;
				GCC_C_LANGUAGE_STANDARD = gnu99;
				GCC_NO_COMMON_BLOCKS = YES;
				GCC_WARN_64_TO_32_BIT_CONVERSION = YES;
				GCC_WARN_ABOUT_RETURN_TYPE = YES_ERROR;
				GCC_WARN_UNDECLARED_SELECTOR = YES;
				GCC_WARN_UNINITIALIZED_AUTOS = YES_AGGRESSIVE;
				GCC_WARN_UNUSED_FUNCTION = YES;
				GCC_WARN_UNUSED_VARIABLE = YES;
				IPHONEOS_DEPLOYMENT_TARGET = 8.4;
				MTL_ENABLE_DEBUG_INFO = NO;
				SDKROOT = iphoneos;
				TARGETED_DEVICE_FAMILY = "1,2";
				VALIDATE_PRODUCT = YES;
			};
			name = Release;
		};
		109185A51B994871008ACB14 /* Debug */ = {
			isa = XCBuildConfiguration;
			baseConfigurationReference = 0625395031FAE2B61C48A9F5 /* Pods.debug.xcconfig */;
			buildSettings = {
				ASSETCATALOG_COMPILER_APPICON_NAME = AppIcon;
				INFOPLIST_FILE = DVSBeefCamps/Info.plist;
				LD_RUNPATH_SEARCH_PATHS = "$(inherited) @executable_path/Frameworks";
				PRODUCT_NAME = "$(TARGET_NAME)";
			};
			name = Debug;
		};
		109185A61B994871008ACB14 /* Release */ = {
			isa = XCBuildConfiguration;
			baseConfigurationReference = 5F1957A90847173A7534DF5A /* Pods.release.xcconfig */;
			buildSettings = {
				ASSETCATALOG_COMPILER_APPICON_NAME = AppIcon;
				INFOPLIST_FILE = DVSBeefCamps/Info.plist;
				LD_RUNPATH_SEARCH_PATHS = "$(inherited) @executable_path/Frameworks";
				PRODUCT_NAME = "$(TARGET_NAME)";
			};
			name = Release;
		};
		109185A81B994871008ACB14 /* Debug */ = {
			isa = XCBuildConfiguration;
			buildSettings = {
				BUNDLE_LOADER = "$(TEST_HOST)";
				FRAMEWORK_SEARCH_PATHS = (
					"$(SDKROOT)/Developer/Library/Frameworks",
					"$(inherited)",
				);
				GCC_PREPROCESSOR_DEFINITIONS = (
					"DEBUG=1",
					"$(inherited)",
				);
				INFOPLIST_FILE = DVSBeefCampsTests/Info.plist;
				LD_RUNPATH_SEARCH_PATHS = "$(inherited) @executable_path/Frameworks @loader_path/Frameworks";
				PRODUCT_NAME = "$(TARGET_NAME)";
				TEST_HOST = "$(BUILT_PRODUCTS_DIR)/DVSBeefCamps.app/DVSBeefCamps";
			};
			name = Debug;
		};
		109185A91B994871008ACB14 /* Release */ = {
			isa = XCBuildConfiguration;
			buildSettings = {
				BUNDLE_LOADER = "$(TEST_HOST)";
				FRAMEWORK_SEARCH_PATHS = (
					"$(SDKROOT)/Developer/Library/Frameworks",
					"$(inherited)",
				);
				INFOPLIST_FILE = DVSBeefCampsTests/Info.plist;
				LD_RUNPATH_SEARCH_PATHS = "$(inherited) @executable_path/Frameworks @loader_path/Frameworks";
				PRODUCT_NAME = "$(TARGET_NAME)";
				TEST_HOST = "$(BUILT_PRODUCTS_DIR)/DVSBeefCamps.app/DVSBeefCamps";
			};
			name = Release;
		};
/* End XCBuildConfiguration section */

/* Begin XCConfigurationList section */
		1091857C1B994871008ACB14 /* Build configuration list for PBXProject "DVSBeefCamps" */ = {
			isa = XCConfigurationList;
			buildConfigurations = (
				109185A21B994871008ACB14 /* Debug */,
				109185A31B994871008ACB14 /* Release */,
			);
			defaultConfigurationIsVisible = 0;
			defaultConfigurationName = Release;
		};
		109185A41B994871008ACB14 /* Build configuration list for PBXNativeTarget "DVSBeefCamps" */ = {
			isa = XCConfigurationList;
			buildConfigurations = (
				109185A51B994871008ACB14 /* Debug */,
				109185A61B994871008ACB14 /* Release */,
			);
			defaultConfigurationIsVisible = 0;
			defaultConfigurationName = Release;
		};
		109185A71B994871008ACB14 /* Build configuration list for PBXNativeTarget "DVSBeefCampsTests" */ = {
			isa = XCConfigurationList;
			buildConfigurations = (
				109185A81B994871008ACB14 /* Debug */,
				109185A91B994871008ACB14 /* Release */,
			);
			defaultConfigurationIsVisible = 0;
			defaultConfigurationName = Release;
		};
/* End XCConfigurationList section */
	};
	rootObject = 109185791B994871008ACB14 /* Project object */;
}
